
Microsoft Visual Studio Solution File, Format Version 11.00
# Visual C# Express 2010
Project("{FAE04EC0-301F-11D3-BF4B-00C04F79EFBC}") = "Passage 2017", "Passage 2017\Passage 2017.csproj", "{5490BED9-004D-4344-BC99-EFB3822314EE}"
EndProject
Global
	GlobalSection(SolutionConfigurationPlatforms) = preSolution
		Debug|x86 = Debug|x86
		Release|x86 = Release|x86
	EndGlobalSection
	GlobalSection(ProjectConfigurationPlatforms) = postSolution
		{5490BED9-004D-4344-BC99-EFB3822314EE}.Debug|x86.ActiveCfg = Debug|x86
		{5490BED9-004D-4344-BC99-EFB3822314EE}.Debug|x86.Build.0 = Debug|x86
		{5490BED9-004D-4344-BC99-EFB3822314EE}.Release|x86.ActiveCfg = Release|x86
		{5490BED9-004D-4344-BC99-EFB3822314EE}.Release|x86.Build.0 = Release|x86
	EndGlobalSection
	GlobalSection(SolutionProperties) = preSolution
		HideSolutionNode = FALSE
	EndGlobalSection
EndGlobal
